
Microsoft Visual Studio Solution File, Format Version 12.00
# Visual Studio Version 16
VisualStudioVersion = 16.0.29613.14
MinimumVisualStudioVersion = 10.0.40219.1
Project("{2150E333-8FDC-42A3-9474-1A3956D46DE8}") = "Domain", "Domain", "{ABAE81C2-82E2-412C-AD40-934701918BD6}"
EndProject
Project("{9A19103F-16F7-4668-BE54-9A1E7A4F7556}") = "SmartHouse.Domain.Core", "SmartHouse.Domain.Core\SmartHouse.Domain.Core.csproj", "{AC8A7B5F-59CA-4CB7-A0CD-D82FE7E64775}"
EndProject
Project("{9A19103F-16F7-4668-BE54-9A1E7A4F7556}") = "SmartHouse.Domain.Interfaces", "SmartHouse.Domain.Interfaces\SmartHouse.Domain.Interfaces.csproj", "{A426EF12-8F38-404B-8874-2D661982A45D}"
EndProject
Project("{2150E333-8FDC-42A3-9474-1A3956D46DE8}") = "Services", "Services", "{5F5B22E7-5288-4A8B-87D4-709A75879410}"
EndProject
Project("{9A19103F-16F7-4668-BE54-9A1E7A4F7556}") = "SmartHouse.Services.Interfaces", "SmartHouse.Services.Interfaces\SmartHouse.Services.Interfaces.csproj", "{234F5949-ED47-490F-9894-6FB9B4E540E5}"
EndProject
Project("{2150E333-8FDC-42A3-9474-1A3956D46DE8}") = "Infrastructure", "Infrastructure", "{19787470-542B-443B-9A78-B3E889003D13}"
EndProject
Project("{9A19103F-16F7-4668-BE54-9A1E7A4F7556}") = "SmartHouse.Infrastructure.Data", "SmartHouse.Infrastructure.Data\SmartHouse.Infrastructure.Data.csproj", "{485FF2B0-880C-45F1-9393-56FBF48801B2}"
EndProject
Project("{2150E333-8FDC-42A3-9474-1A3956D46DE8}") = "Business", "Business", "{4BAA3551-2087-4216-967C-A760B83713BB}"
EndProject
Project("{9A19103F-16F7-4668-BE54-9A1E7A4F7556}") = "SmartHouse.Business.Data", "SmartHouse.Business.Data\SmartHouse.Business.Data.csproj", "{69D213DB-D3CF-4C3B-899F-4465DF9721D0}"
EndProject
Project("{2150E333-8FDC-42A3-9474-1A3956D46DE8}") = "API", "API", "{3C1401A9-96A8-4E93-98BE-369F38628F00}"
EndProject
Project("{2150E333-8FDC-42A3-9474-1A3956D46DE8}") = "Tests", "Tests", "{AF0545F2-B894-4C1F-9E1B-020189E9AEC5}"
EndProject
Project("{2150E333-8FDC-42A3-9474-1A3956D46DE8}") = "Services", "Services", "{2CBC1038-49A6-48D7-8A67-3A7BFBAA3842}"
EndProject
Project("{2150E333-8FDC-42A3-9474-1A3956D46DE8}") = "Business", "Business", "{A27952EC-6C9C-4EBE-9B83-39B53BC1572A}"
EndProject
Project("{2150E333-8FDC-42A3-9474-1A3956D46DE8}") = "Web", "Web", "{9082F792-2578-400F-914B-2A38E5FCAA0D}"
EndProject
Project("{2150E333-8FDC-42A3-9474-1A3956D46DE8}") = "Services", "Services", "{D72292B5-6F94-4B00-9B5B-8CBA8A13957B}"
EndProject
Project("{9A19103F-16F7-4668-BE54-9A1E7A4F7556}") = "SmartHouse.Service.Wetaher.GisMeteo", "SmartHouse.Service.Wether.Gismeteo\SmartHouse.Service.Wetaher.GisMeteo.csproj", "{50B9C383-8043-49A8-BD2D-6F378ED1E478}"
EndProject
Project("{2150E333-8FDC-42A3-9474-1A3956D46DE8}") = "Weather", "Weather", "{A9C3FDF8-7F01-4581-A08C-8B6EE8E34421}"
EndProject
Project("{9A19103F-16F7-4668-BE54-9A1E7A4F7556}") = "SmartHouse.Service.Weather.OpenWeatherMap", "SmartHouse.Service.Weather.OpenWeatherService\SmartHouse.Service.Weather.OpenWeatherMap.csproj", "{964612C6-EA9F-4758-96B9-16C74A504763}"
EndProject
Project("{2150E333-8FDC-42A3-9474-1A3956D46DE8}") = "Repository", "Repository", "{34614C80-B14B-4D9B-9B30-E909FA7B73FA}"
EndProject
Project("{9A19103F-16F7-4668-BE54-9A1E7A4F7556}") = "SmartHouseWebAngular", "Web\SmartHouseWebAngular\SmartHouseWebAngular.csproj", "{D2189AC1-362B-45C4-BABA-8CD8A67497B8}"
EndProject
Project("{9A19103F-16F7-4668-BE54-9A1E7A4F7556}") = "SmartHouseAPI", "API\SmartHouseAPI\SmartHouseAPI.csproj", "{8D97ACB4-0164-426A-B555-BDB65507DB64}"
EndProject
Project("{9A19103F-16F7-4668-BE54-9A1E7A4F7556}") = "BusinessTest", "Tests\TestBusiness\BusinessTest.csproj", "{8BB7741E-F88A-4568-9284-538F0C5C1E28}"
EndProject
Project("{9A19103F-16F7-4668-BE54-9A1E7A4F7556}") = "RepositoryTest", "Tests\TestRepository\RepositoryTest.csproj", "{55DB56DD-EF58-4410-B1B3-A8CD21D7E89C}"
EndProject
Project("{9A19103F-16F7-4668-BE54-9A1E7A4F7556}") = "ServicesTest", "Tests\TestServices\ServicesTest.csproj", "{CD177AC4-4AF5-4328-8FE1-F966835FD9E6}"
EndProject
Project("{2150E333-8FDC-42A3-9474-1A3956D46DE8}") = "API", "API", "{91C3603F-AA24-47CD-8F51-B5911BD35B80}"
EndProject
Project("{2150E333-8FDC-42A3-9474-1A3956D46DE8}") = "Integration", "Integration", "{B3F8CEAD-7F26-4CE5-8050-4F8CB194277E}"
EndProject
Project("{E53339B2-1760-4266-BCC7-CA923CBCF16C}") = "docker-compose", "docker-compose.dcproj", "{2330F0B0-19D6-4A12-8AA7-CF7382E26A6F}"
EndProject
Project("{9A19103F-16F7-4668-BE54-9A1E7A4F7556}") = "ApiTest", "Tests\TestApi\ApiTest.csproj", "{B0384EDA-2F9B-43F2-900F-C8A572A52702}"
EndProject
Project("{9A19103F-16F7-4668-BE54-9A1E7A4F7556}") = "ApiIntegrationTest", "Tests\TestApiIntegration\ApiIntegrationTest.csproj", "{FBEF1028-218D-483D-A345-AE409A5934FB}"
EndProject
Project("{2150E333-8FDC-42A3-9474-1A3956D46DE8}") = "Solution Items", "Solution Items", "{B385FDF5-7CD7-4A94-B9A0-B67137DC83C7}"
	ProjectSection(SolutionItems) = preProject
		REDAME.md = REDAME.md
	EndProjectSection
EndProject
Project("{2150E333-8FDC-42A3-9474-1A3956D46DE8}") = "SoapUI Services", "SoapUI Services", "{EB05DB48-C376-4832-AD86-08854A3C34BF}"
	ProjectSection(SolutionItems) = preProject
		Other\SoapUI Services\project-temp-8189705805873460637.xml = Other\SoapUI Services\project-temp-8189705805873460637.xml
		Other\SoapUI Services\SoapUI-HTTP-API.xml = Other\SoapUI Services\SoapUI-HTTP-API.xml
		Other\SoapUI Services\SoapUI-OpenWeatherMap.xml = Other\SoapUI Services\SoapUI-OpenWeatherMap.xml
		Other\SoapUI Services\SoapUI-SmartHouse.xml = Other\SoapUI Services\SoapUI-SmartHouse.xml
	EndProjectSection
EndProject
Project("{2150E333-8FDC-42A3-9474-1A3956D46DE8}") = "WeatherService", "WeatherService", "{D7DD681F-D7F2-4504-B638-D51FDB03B692}"
EndProject
Project("{9092AA53-FB77-4645-B42D-1CCCA6BD08BD}") = "WetherApiNodejs", "Other\WetherApiNodejs\WetherApiNodejs.njsproj", "{29361E9A-7BAD-4431-A209-AB17C55C399A}"
EndProject
Global
	GlobalSection(SolutionConfigurationPlatforms) = preSolution
		Debug|Any CPU = Debug|Any CPU
		Release|Any CPU = Release|Any CPU
	EndGlobalSection
	GlobalSection(ProjectConfigurationPlatforms) = postSolution
		{AC8A7B5F-59CA-4CB7-A0CD-D82FE7E64775}.Debug|Any CPU.ActiveCfg = Debug|Any CPU
		{AC8A7B5F-59CA-4CB7-A0CD-D82FE7E64775}.Debug|Any CPU.Build.0 = Debug|Any CPU
		{AC8A7B5F-59CA-4CB7-A0CD-D82FE7E64775}.Release|Any CPU.ActiveCfg = Release|Any CPU
		{AC8A7B5F-59CA-4CB7-A0CD-D82FE7E64775}.Release|Any CPU.Build.0 = Release|Any CPU
		{A426EF12-8F38-404B-8874-2D661982A45D}.Debug|Any CPU.ActiveCfg = Debug|Any CPU
		{A426EF12-8F38-404B-8874-2D661982A45D}.Debug|Any CPU.Build.0 = Debug|Any CPU
		{A426EF12-8F38-404B-8874-2D661982A45D}.Release|Any CPU.ActiveCfg = Release|Any CPU
		{A426EF12-8F38-404B-8874-2D661982A45D}.Release|Any CPU.Build.0 = Release|Any CPU
		{234F5949-ED47-490F-9894-6FB9B4E540E5}.Debug|Any CPU.ActiveCfg = Debug|Any CPU
		{234F5949-ED47-490F-9894-6FB9B4E540E5}.Debug|Any CPU.Build.0 = Debug|Any CPU
		{234F5949-ED47-490F-9894-6FB9B4E540E5}.Release|Any CPU.ActiveCfg = Release|Any CPU
		{234F5949-ED47-490F-9894-6FB9B4E540E5}.Release|Any CPU.Build.0 = Release|Any CPU
		{485FF2B0-880C-45F1-9393-56FBF48801B2}.Debug|Any CPU.ActiveCfg = Debug|Any CPU
		{485FF2B0-880C-45F1-9393-56FBF48801B2}.Debug|Any CPU.Build.0 = Debug|Any CPU
		{485FF2B0-880C-45F1-9393-56FBF48801B2}.Release|Any CPU.ActiveCfg = Release|Any CPU
		{485FF2B0-880C-45F1-9393-56FBF48801B2}.Release|Any CPU.Build.0 = Release|Any CPU
		{69D213DB-D3CF-4C3B-899F-4465DF9721D0}.Debug|Any CPU.ActiveCfg = Debug|Any CPU
		{69D213DB-D3CF-4C3B-899F-4465DF9721D0}.Debug|Any CPU.Build.0 = Debug|Any CPU
		{69D213DB-D3CF-4C3B-899F-4465DF9721D0}.Release|Any CPU.ActiveCfg = Release|Any CPU
		{69D213DB-D3CF-4C3B-899F-4465DF9721D0}.Release|Any CPU.Build.0 = Release|Any CPU
		{50B9C383-8043-49A8-BD2D-6F378ED1E478}.Debug|Any CPU.ActiveCfg = Debug|Any CPU
		{50B9C383-8043-49A8-BD2D-6F378ED1E478}.Debug|Any CPU.Build.0 = Debug|Any CPU
		{50B9C383-8043-49A8-BD2D-6F378ED1E478}.Release|Any CPU.ActiveCfg = Release|Any CPU
		{50B9C383-8043-49A8-BD2D-6F378ED1E478}.Release|Any CPU.Build.0 = Release|Any CPU
		{964612C6-EA9F-4758-96B9-16C74A504763}.Debug|Any CPU.ActiveCfg = Debug|Any CPU
		{964612C6-EA9F-4758-96B9-16C74A504763}.Debug|Any CPU.Build.0 = Debug|Any CPU
		{964612C6-EA9F-4758-96B9-16C74A504763}.Release|Any CPU.ActiveCfg = Release|Any CPU
		{964612C6-EA9F-4758-96B9-16C74A504763}.Release|Any CPU.Build.0 = Release|Any CPU
		{D2189AC1-362B-45C4-BABA-8CD8A67497B8}.Debug|Any CPU.ActiveCfg = Debug|Any CPU
		{D2189AC1-362B-45C4-BABA-8CD8A67497B8}.Debug|Any CPU.Build.0 = Debug|Any CPU
		{D2189AC1-362B-45C4-BABA-8CD8A67497B8}.Release|Any CPU.ActiveCfg = Release|Any CPU
		{D2189AC1-362B-45C4-BABA-8CD8A67497B8}.Release|Any CPU.Build.0 = Release|Any CPU
		{8D97ACB4-0164-426A-B555-BDB65507DB64}.Debug|Any CPU.ActiveCfg = Debug|Any CPU
		{8D97ACB4-0164-426A-B555-BDB65507DB64}.Debug|Any CPU.Build.0 = Debug|Any CPU
		{8D97ACB4-0164-426A-B555-BDB65507DB64}.Release|Any CPU.ActiveCfg = Release|Any CPU
		{8D97ACB4-0164-426A-B555-BDB65507DB64}.Release|Any CPU.Build.0 = Release|Any CPU
		{8BB7741E-F88A-4568-9284-538F0C5C1E28}.Debug|Any CPU.ActiveCfg = Debug|Any CPU
		{8BB7741E-F88A-4568-9284-538F0C5C1E28}.Debug|Any CPU.Build.0 = Debug|Any CPU
		{8BB7741E-F88A-4568-9284-538F0C5C1E28}.Release|Any CPU.ActiveCfg = Release|Any CPU
		{8BB7741E-F88A-4568-9284-538F0C5C1E28}.Release|Any CPU.Build.0 = Release|Any CPU
		{55DB56DD-EF58-4410-B1B3-A8CD21D7E89C}.Debug|Any CPU.ActiveCfg = Debug|Any CPU
		{55DB56DD-EF58-4410-B1B3-A8CD21D7E89C}.Debug|Any CPU.Build.0 = Debug|Any CPU
		{55DB56DD-EF58-4410-B1B3-A8CD21D7E89C}.Release|Any CPU.ActiveCfg = Release|Any CPU
		{55DB56DD-EF58-4410-B1B3-A8CD21D7E89C}.Release|Any CPU.Build.0 = Release|Any CPU
		{CD177AC4-4AF5-4328-8FE1-F966835FD9E6}.Debug|Any CPU.ActiveCfg = Debug|Any CPU
		{CD177AC4-4AF5-4328-8FE1-F966835FD9E6}.Debug|Any CPU.Build.0 = Debug|Any CPU
		{CD177AC4-4AF5-4328-8FE1-F966835FD9E6}.Release|Any CPU.ActiveCfg = Release|Any CPU
		{CD177AC4-4AF5-4328-8FE1-F966835FD9E6}.Release|Any CPU.Build.0 = Release|Any CPU
		{2330F0B0-19D6-4A12-8AA7-CF7382E26A6F}.Debug|Any CPU.ActiveCfg = Debug|Any CPU
		{2330F0B0-19D6-4A12-8AA7-CF7382E26A6F}.Debug|Any CPU.Build.0 = Debug|Any CPU
		{2330F0B0-19D6-4A12-8AA7-CF7382E26A6F}.Release|Any CPU.ActiveCfg = Release|Any CPU
		{2330F0B0-19D6-4A12-8AA7-CF7382E26A6F}.Release|Any CPU.Build.0 = Release|Any CPU
		{B0384EDA-2F9B-43F2-900F-C8A572A52702}.Debug|Any CPU.ActiveCfg = Debug|Any CPU
		{B0384EDA-2F9B-43F2-900F-C8A572A52702}.Debug|Any CPU.Build.0 = Debug|Any CPU
		{B0384EDA-2F9B-43F2-900F-C8A572A52702}.Release|Any CPU.ActiveCfg = Release|Any CPU
		{B0384EDA-2F9B-43F2-900F-C8A572A52702}.Release|Any CPU.Build.0 = Release|Any CPU
		{FBEF1028-218D-483D-A345-AE409A5934FB}.Debug|Any CPU.ActiveCfg = Debug|Any CPU
		{FBEF1028-218D-483D-A345-AE409A5934FB}.Debug|Any CPU.Build.0 = Debug|Any CPU
		{FBEF1028-218D-483D-A345-AE409A5934FB}.Release|Any CPU.ActiveCfg = Release|Any CPU
		{FBEF1028-218D-483D-A345-AE409A5934FB}.Release|Any CPU.Build.0 = Release|Any CPU
		{29361E9A-7BAD-4431-A209-AB17C55C399A}.Debug|Any CPU.ActiveCfg = Debug|Any CPU
		{29361E9A-7BAD-4431-A209-AB17C55C399A}.Debug|Any CPU.Build.0 = Debug|Any CPU
		{29361E9A-7BAD-4431-A209-AB17C55C399A}.Release|Any CPU.ActiveCfg = Release|Any CPU
		{29361E9A-7BAD-4431-A209-AB17C55C399A}.Release|Any CPU.Build.0 = Release|Any CPU
	EndGlobalSection
	GlobalSection(SolutionProperties) = preSolution
		HideSolutionNode = FALSE
	EndGlobalSection
	GlobalSection(NestedProjects) = preSolution
		{AC8A7B5F-59CA-4CB7-A0CD-D82FE7E64775} = {ABAE81C2-82E2-412C-AD40-934701918BD6}
		{A426EF12-8F38-404B-8874-2D661982A45D} = {ABAE81C2-82E2-412C-AD40-934701918BD6}
		{234F5949-ED47-490F-9894-6FB9B4E540E5} = {5F5B22E7-5288-4A8B-87D4-709A75879410}
		{485FF2B0-880C-45F1-9393-56FBF48801B2} = {19787470-542B-443B-9A78-B3E889003D13}
		{69D213DB-D3CF-4C3B-899F-4465DF9721D0} = {4BAA3551-2087-4216-967C-A760B83713BB}
		{2CBC1038-49A6-48D7-8A67-3A7BFBAA3842} = {AF0545F2-B894-4C1F-9E1B-020189E9AEC5}
		{A27952EC-6C9C-4EBE-9B83-39B53BC1572A} = {AF0545F2-B894-4C1F-9E1B-020189E9AEC5}
		{D72292B5-6F94-4B00-9B5B-8CBA8A13957B} = {19787470-542B-443B-9A78-B3E889003D13}
		{50B9C383-8043-49A8-BD2D-6F378ED1E478} = {A9C3FDF8-7F01-4581-A08C-8B6EE8E34421}
		{A9C3FDF8-7F01-4581-A08C-8B6EE8E34421} = {D72292B5-6F94-4B00-9B5B-8CBA8A13957B}
		{964612C6-EA9F-4758-96B9-16C74A504763} = {A9C3FDF8-7F01-4581-A08C-8B6EE8E34421}
		{34614C80-B14B-4D9B-9B30-E909FA7B73FA} = {AF0545F2-B894-4C1F-9E1B-020189E9AEC5}
		{D2189AC1-362B-45C4-BABA-8CD8A67497B8} = {9082F792-2578-400F-914B-2A38E5FCAA0D}
		{8D97ACB4-0164-426A-B555-BDB65507DB64} = {3C1401A9-96A8-4E93-98BE-369F38628F00}
		{8BB7741E-F88A-4568-9284-538F0C5C1E28} = {A27952EC-6C9C-4EBE-9B83-39B53BC1572A}
		{55DB56DD-EF58-4410-B1B3-A8CD21D7E89C} = {34614C80-B14B-4D9B-9B30-E909FA7B73FA}
		{CD177AC4-4AF5-4328-8FE1-F966835FD9E6} = {2CBC1038-49A6-48D7-8A67-3A7BFBAA3842}
		{91C3603F-AA24-47CD-8F51-B5911BD35B80} = {AF0545F2-B894-4C1F-9E1B-020189E9AEC5}
		{B3F8CEAD-7F26-4CE5-8050-4F8CB194277E} = {AF0545F2-B894-4C1F-9E1B-020189E9AEC5}
		{B0384EDA-2F9B-43F2-900F-C8A572A52702} = {91C3603F-AA24-47CD-8F51-B5911BD35B80}
		{FBEF1028-218D-483D-A345-AE409A5934FB} = {B3F8CEAD-7F26-4CE5-8050-4F8CB194277E}
		{EB05DB48-C376-4832-AD86-08854A3C34BF} = {B385FDF5-7CD7-4A94-B9A0-B67137DC83C7}
		{29361E9A-7BAD-4431-A209-AB17C55C399A} = {D7DD681F-D7F2-4504-B638-D51FDB03B692}
	EndGlobalSection
	GlobalSection(ExtensibilityGlobals) = postSolution
		SolutionGuid = {C9277942-AB87-49EB-8D2D-082A2C092696}
	EndGlobalSection
EndGlobal
